
Microsoft Visual Studio Solution File, Format Version 12.00
# Visual Studio Version 17
VisualStudioVersion = 17.11.35208.52
MinimumVisualStudioVersion = 10.0.40219.1
Project("{FAE04EC0-301F-11D3-BF4B-00C04F79EFBC}") = "Armoire", "Armoire\Armoire.csproj", "{04E584CA-152F-4E55-9E75-C6353E8C0ED5}"
EndProject
Global
	GlobalSection(SolutionConfigurationPlatforms) = preSolution
		Debug|Any CPU = Debug|Any CPU
		Release|Any CPU = Release|Any CPU
	EndGlobalSection
	GlobalSection(ProjectConfigurationPlatforms) = postSolution
		{04E584CA-152F-4E55-9E75-C6353E8C0ED5}.Debug|Any CPU.ActiveCfg = Debug|Any CPU
		{04E584CA-152F-4E55-9E75-C6353E8C0ED5}.Debug|Any CPU.Build.0 = Debug|Any CPU
		{04E584CA-152F-4E55-9E75-C6353E8C0ED5}.Release|Any CPU.ActiveCfg = Release|Any CPU
		{04E584CA-152F-4E55-9E75-C6353E8C0ED5}.Release|Any CPU.Build.0 = Release|Any CPU
	EndGlobalSection
	GlobalSection(SolutionProperties) = preSolution
		HideSolutionNode = FALSE
	EndGlobalSection
	GlobalSection(ExtensibilityGlobals) = postSolution
		SolutionGuid = {ABE1947D-E9E4-43EE-B3CF-D94777B009C8}
	EndGlobalSection
EndGlobal
